
Microsoft Visual Studio Solution File, Format Version 11.00
# Visual Studio 2010
Project("{FAE04EC0-301F-11D3-BF4B-00C04F79EFBC}") = "11.Control", "11.Control.csproj", "{F2635C5D-7708-446C-A489-832428AB8ABA}"
EndProject
Global
	GlobalSection(SolutionConfigurationPlatforms) = preSolution
		Debug|x86 = Debug|x86
		Release|x86 = Release|x86
	EndGlobalSection
	GlobalSection(ProjectConfigurationPlatforms) = postSolution
		{F2635C5D-7708-446C-A489-832428AB8ABA}.Debug|x86.ActiveCfg = Debug|x86
		{F2635C5D-7708-446C-A489-832428AB8ABA}.Debug|x86.Build.0 = Debug|x86
		{F2635C5D-7708-446C-A489-832428AB8ABA}.Release|x86.ActiveCfg = Release|x86
		{F2635C5D-7708-446C-A489-832428AB8ABA}.Release|x86.Build.0 = Release|x86
	EndGlobalSection
	GlobalSection(SolutionProperties) = preSolution
		HideSolutionNode = FALSE
	EndGlobalSection
EndGlobal
