
Microsoft Visual Studio Solution File, Format Version 11.00
# Visual Studio 2010
Project("{FAE04EC0-301F-11D3-BF4B-00C04F79EFBC}") = "18.Date Control", "18.Date Control.csproj", "{2068A755-3165-4C0A-993B-C9B04BED4102}"
EndProject
Global
	GlobalSection(SolutionConfigurationPlatforms) = preSolution
		Debug|x86 = Debug|x86
		Release|x86 = Release|x86
	EndGlobalSection
	GlobalSection(ProjectConfigurationPlatforms) = postSolution
		{2068A755-3165-4C0A-993B-C9B04BED4102}.Debug|x86.ActiveCfg = Debug|x86
		{2068A755-3165-4C0A-993B-C9B04BED4102}.Debug|x86.Build.0 = Debug|x86
		{2068A755-3165-4C0A-993B-C9B04BED4102}.Release|x86.ActiveCfg = Release|x86
		{2068A755-3165-4C0A-993B-C9B04BED4102}.Release|x86.Build.0 = Release|x86
	EndGlobalSection
	GlobalSection(SolutionProperties) = preSolution
		HideSolutionNode = FALSE
	EndGlobalSection
EndGlobal
