
Microsoft Visual Studio Solution File, Format Version 11.00
# Visual Studio 2010
Project("{FAE04EC0-301F-11D3-BF4B-00C04F79EFBC}") = "05.WrapPanel and DockPanel Layout", "05.WrapPanel and DockPanel Layout.csproj", "{86BA2803-4F70-4DF6-957B-B63C71A12028}"
EndProject
Global
	GlobalSection(SolutionConfigurationPlatforms) = preSolution
		Debug|x86 = Debug|x86
		Release|x86 = Release|x86
	EndGlobalSection
	GlobalSection(ProjectConfigurationPlatforms) = postSolution
		{86BA2803-4F70-4DF6-957B-B63C71A12028}.Debug|x86.ActiveCfg = Debug|x86
		{86BA2803-4F70-4DF6-957B-B63C71A12028}.Debug|x86.Build.0 = Debug|x86
		{86BA2803-4F70-4DF6-957B-B63C71A12028}.Release|x86.ActiveCfg = Release|x86
		{86BA2803-4F70-4DF6-957B-B63C71A12028}.Release|x86.Build.0 = Release|x86
	EndGlobalSection
	GlobalSection(SolutionProperties) = preSolution
		HideSolutionNode = FALSE
	EndGlobalSection
EndGlobal
